
Microsoft Visual Studio Solution File, Format Version 12.00
# Visual Studio 2015
Project("{FAE04EC0-301F-11D3-BF4B-00C04F79EFBC}") = "InputFieldmod2.CSharp.Plugins", "InputFieldmod2.CSharp.Plugins.csproj", "{F3E01573-F79E-D1C1-94A8-8BFEE50DF330}"
EndProject
Project("{FAE04EC0-301F-11D3-BF4B-00C04F79EFBC}") = "InputFieldmod2.CSharp", "InputFieldmod2.CSharp.csproj", "{54A458F2-C7C5-07FD-A971-CBE01B9938B1}"
EndProject
Global
	GlobalSection(SolutionConfigurationPlatforms) = preSolution
		Debug|Any CPU = Debug|Any CPU
		Release|Any CPU = Release|Any CPU
	EndGlobalSection
	GlobalSection(ProjectConfigurationPlatforms) = postSolution
		{F3E01573-F79E-D1C1-94A8-8BFEE50DF330}.Debug|Any CPU.ActiveCfg = Debug|Any CPU
		{F3E01573-F79E-D1C1-94A8-8BFEE50DF330}.Debug|Any CPU.Build.0 = Debug|Any CPU
		{F3E01573-F79E-D1C1-94A8-8BFEE50DF330}.Release|Any CPU.ActiveCfg = Release|Any CPU
		{F3E01573-F79E-D1C1-94A8-8BFEE50DF330}.Release|Any CPU.Build.0 = Release|Any CPU
		{54A458F2-C7C5-07FD-A971-CBE01B9938B1}.Debug|Any CPU.ActiveCfg = Debug|Any CPU
		{54A458F2-C7C5-07FD-A971-CBE01B9938B1}.Debug|Any CPU.Build.0 = Debug|Any CPU
		{54A458F2-C7C5-07FD-A971-CBE01B9938B1}.Release|Any CPU.ActiveCfg = Release|Any CPU
		{54A458F2-C7C5-07FD-A971-CBE01B9938B1}.Release|Any CPU.Build.0 = Release|Any CPU
	EndGlobalSection
	GlobalSection(SolutionProperties) = preSolution
		HideSolutionNode = FALSE
	EndGlobalSection
EndGlobal
