
Microsoft Visual Studio Solution File, Format Version 12.00
# Visual Studio 2015
Project("{FAE04EC0-301F-11D3-BF4B-00C04F79EFBC}") = "Moonman.exe.CSharp.Plugins", "Moonman.exe.CSharp.Plugins.csproj", "{11A02B8A-C284-61B1-2F66-F80B3BAF18C0}"
EndProject
Project("{FAE04EC0-301F-11D3-BF4B-00C04F79EFBC}") = "Moonman.exe.CSharp", "Moonman.exe.CSharp.csproj", "{9BDB3239-97C6-6056-8BA4-34F47CE9B2C1}"
EndProject
Global
	GlobalSection(SolutionConfigurationPlatforms) = preSolution
		Debug|Any CPU = Debug|Any CPU
		Release|Any CPU = Release|Any CPU
	EndGlobalSection
	GlobalSection(ProjectConfigurationPlatforms) = postSolution
		{11A02B8A-C284-61B1-2F66-F80B3BAF18C0}.Debug|Any CPU.ActiveCfg = Debug|Any CPU
		{11A02B8A-C284-61B1-2F66-F80B3BAF18C0}.Debug|Any CPU.Build.0 = Debug|Any CPU
		{11A02B8A-C284-61B1-2F66-F80B3BAF18C0}.Release|Any CPU.ActiveCfg = Release|Any CPU
		{11A02B8A-C284-61B1-2F66-F80B3BAF18C0}.Release|Any CPU.Build.0 = Release|Any CPU
		{9BDB3239-97C6-6056-8BA4-34F47CE9B2C1}.Debug|Any CPU.ActiveCfg = Debug|Any CPU
		{9BDB3239-97C6-6056-8BA4-34F47CE9B2C1}.Debug|Any CPU.Build.0 = Debug|Any CPU
		{9BDB3239-97C6-6056-8BA4-34F47CE9B2C1}.Release|Any CPU.ActiveCfg = Release|Any CPU
		{9BDB3239-97C6-6056-8BA4-34F47CE9B2C1}.Release|Any CPU.Build.0 = Release|Any CPU
	EndGlobalSection
	GlobalSection(SolutionProperties) = preSolution
		HideSolutionNode = FALSE
	EndGlobalSection
EndGlobal
