
Microsoft Visual Studio Solution File, Format Version 12.00
# Visual Studio 2015
Project("{FAE04EC0-301F-11D3-BF4B-00C04F79EFBC}") = "moonman.CSharp.Plugins", "moonman.CSharp.Plugins.csproj", "{7CFDAE10-2AD4-B0BE-8ED1-10FD626C0B22}"
EndProject
Project("{FAE04EC0-301F-11D3-BF4B-00C04F79EFBC}") = "moonman.CSharp", "moonman.CSharp.csproj", "{8B5E82A8-4CD6-8996-8E90-700AFC8D049C}"
EndProject
Project("{FAE04EC0-301F-11D3-BF4B-00C04F79EFBC}") = "moonman.CSharp.Editor.Plugins", "moonman.CSharp.Editor.Plugins.csproj", "{1AD8AE6C-DB98-F891-6238-FECF8272AC64}"
EndProject
Global
	GlobalSection(SolutionConfigurationPlatforms) = preSolution
		Debug|Any CPU = Debug|Any CPU
		Release|Any CPU = Release|Any CPU
	EndGlobalSection
	GlobalSection(ProjectConfigurationPlatforms) = postSolution
		{7CFDAE10-2AD4-B0BE-8ED1-10FD626C0B22}.Debug|Any CPU.ActiveCfg = Debug|Any CPU
		{7CFDAE10-2AD4-B0BE-8ED1-10FD626C0B22}.Debug|Any CPU.Build.0 = Debug|Any CPU
		{7CFDAE10-2AD4-B0BE-8ED1-10FD626C0B22}.Release|Any CPU.ActiveCfg = Release|Any CPU
		{7CFDAE10-2AD4-B0BE-8ED1-10FD626C0B22}.Release|Any CPU.Build.0 = Release|Any CPU
		{8B5E82A8-4CD6-8996-8E90-700AFC8D049C}.Debug|Any CPU.ActiveCfg = Debug|Any CPU
		{8B5E82A8-4CD6-8996-8E90-700AFC8D049C}.Debug|Any CPU.Build.0 = Debug|Any CPU
		{8B5E82A8-4CD6-8996-8E90-700AFC8D049C}.Release|Any CPU.ActiveCfg = Release|Any CPU
		{8B5E82A8-4CD6-8996-8E90-700AFC8D049C}.Release|Any CPU.Build.0 = Release|Any CPU
		{1AD8AE6C-DB98-F891-6238-FECF8272AC64}.Debug|Any CPU.ActiveCfg = Debug|Any CPU
		{1AD8AE6C-DB98-F891-6238-FECF8272AC64}.Debug|Any CPU.Build.0 = Debug|Any CPU
		{1AD8AE6C-DB98-F891-6238-FECF8272AC64}.Release|Any CPU.ActiveCfg = Release|Any CPU
		{1AD8AE6C-DB98-F891-6238-FECF8272AC64}.Release|Any CPU.Build.0 = Release|Any CPU
	EndGlobalSection
	GlobalSection(SolutionProperties) = preSolution
		HideSolutionNode = FALSE
	EndGlobalSection
EndGlobal
